// !$*UTF8*$!
{
	archiveVersion = 1;
	classes = {
	};
	objectVersion = 50;
	objects = {

/* Begin PBXBuildFile section */
		1C06831E2140C47500B9A328 /* AppDelegate.m in Sources */ = {isa = PBXBuildFile; fileRef = 1C06831D2140C47500B9A328 /* AppDelegate.m */; };
		1C0683212140C47500B9A328 /* ViewController.m in Sources */ = {isa = PBXBuildFile; fileRef = 1C0683202140C47500B9A328 /* ViewController.m */; };
		1C0683242140C47500B9A328 /* Main.storyboard in Resources */ = {isa = PBXBuildFile; fileRef = 1C0683222140C47500B9A328 /* Main.storyboard */; };
		1C0683262140C47600B9A328 /* Assets.xcassets in Resources */ = {isa = PBXBuildFile; fileRef = 1C0683252140C47600B9A328 /* Assets.xcassets */; };
		1C0683292140C47600B9A328 /* LaunchScreen.storyboard in Resources */ = {isa = PBXBuildFile; fileRef = 1C0683272140C47600B9A328 /* LaunchScreen.storyboard */; };
		1C06832C2140C47600B9A328 /* main.m in Sources */ = {isa = PBXBuildFile; fileRef = 1C06832B2140C47600B9A328 /* main.m */; };
		1C0683342140C75A00B9A328 /* BaseViewController.m in Sources */ = {isa = PBXBuildFile; fileRef = 1C0683332140C75A00B9A328 /* BaseViewController.m */; };
		1C0683372140D58100B9A328 /* CoreImage.framework in Frameworks */ = {isa = PBXBuildFile; fileRef = 1C0683362140D58100B9A328 /* CoreImage.framework */; };
		1C0683392140D62D00B9A328 /* image.jpg in Resources */ = {isa = PBXBuildFile; fileRef = 1C0683382140D62C00B9A328 /* image.jpg */; };
		1C06833B2140F77400B9A328 /* images.jpg in Resources */ = {isa = PBXBuildFile; fileRef = 1C06833A2140F77400B9A328 /* images.jpg */; };
		1C0683412141158900B9A328 /* BlurViewController.m in Sources */ = {isa = PBXBuildFile; fileRef = 1C0683402141158900B9A328 /* BlurViewController.m */; };
		1C06834321411AC600B9A328 /* numberImage.jpg in Resources */ = {isa = PBXBuildFile; fileRef = 1C06834221411AC600B9A328 /* numberImage.jpg */; };
		1C0683482141231A00B9A328 /* ColorAdjustmentViewController.m in Sources */ = {isa = PBXBuildFile; fileRef = 1C0683472141231A00B9A328 /* ColorAdjustmentViewController.m */; };
		1C06834C214211F600B9A328 /* ColorEffectViewController.m in Sources */ = {isa = PBXBuildFile; fileRef = 1C06834B214211F600B9A328 /* ColorEffectViewController.m */; };
		1C068350214247AD00B9A328 /* CompositeOperationViewController.m in Sources */ = {isa = PBXBuildFile; fileRef = 1C06834F214247AD00B9A328 /* CompositeOperationViewController.m */; };
		1C06835221424CED00B9A328 /* inputComposite.png in Resources */ = {isa = PBXBuildFile; fileRef = 1C06835121424CED00B9A328 /* inputComposite.png */; };
		1C06835421424CF200B9A328 /* backComposite.png in Resources */ = {isa = PBXBuildFile; fileRef = 1C06835321424CF200B9A328 /* backComposite.png */; };
		1C0683582142538200B9A328 /* DistortionEffectViewController.m in Sources */ = {isa = PBXBuildFile; fileRef = 1C0683572142538200B9A328 /* DistortionEffectViewController.m */; };
		1C06835E2142551000B9A328 /* backComposite.png in Resources */ = {isa = PBXBuildFile; fileRef = 1C0683592142551000B9A328 /* backComposite.png */; };
		1C06835F2142551000B9A328 /* CICircularWrap.png in Resources */ = {isa = PBXBuildFile; fileRef = 1C06835A2142551000B9A328 /* CICircularWrap.png */; };
		1C0683602142551000B9A328 /* CIBumpDistortionLinear.png in Resources */ = {isa = PBXBuildFile; fileRef = 1C06835B2142551000B9A328 /* CIBumpDistortionLinear.png */; };
		1C0683612142551000B9A328 /* CIBumpDistortion.png in Resources */ = {isa = PBXBuildFile; fileRef = 1C06835C2142551000B9A328 /* CIBumpDistortion.png */; };
		1C0683622142551000B9A328 /* CIDroste.png in Resources */ = {isa = PBXBuildFile; fileRef = 1C06835D2142551000B9A328 /* CIDroste.png */; };
		1C0683642142582200B9A328 /* CIGlassDistortion.png in Resources */ = {isa = PBXBuildFile; fileRef = 1C0683632142582100B9A328 /* CIGlassDistortion.png */; };
		1C700DB02147B74B0065E0AA /* GeneratorViewController.m in Sources */ = {isa = PBXBuildFile; fileRef = 1C700DAF2147B74B0065E0AA /* GeneratorViewController.m */; };
		1C700DB42148B7570065E0AA /* GeometryAdjustmentViewController.m in Sources */ = {isa = PBXBuildFile; fileRef = 1C700DB32148B7560065E0AA /* GeometryAdjustmentViewController.m */; };
		1C700DBE2148BA460065E0AA /* TransitionViewController.m in Sources */ = {isa = PBXBuildFile; fileRef = 1C700DBD2148BA460065E0AA /* TransitionViewController.m */; };
		1C700DC12148BA560065E0AA /* TileEffectViewController.m in Sources */ = {isa = PBXBuildFile; fileRef = 1C700DC02148BA560065E0AA /* TileEffectViewController.m */; };
		1C700DC42148BA660065E0AA /* StylizeViewController.m in Sources */ = {isa = PBXBuildFile; fileRef = 1C700DC32148BA660065E0AA /* StylizeViewController.m */; };
		1C700DC72148BA730065E0AA /* SharpenViewController.m in Sources */ = {isa = PBXBuildFile; fileRef = 1C700DC62148BA730065E0AA /* SharpenViewController.m */; };
		1C700DCA2148BA800065E0AA /* ReductionViewController.m in Sources */ = {isa = PBXBuildFile; fileRef = 1C700DC92148BA800065E0AA /* ReductionViewController.m */; };
		1C700DCD2148BA8F0065E0AA /* HalftoneEffectViewController.m in Sources */ = {isa = PBXBuildFile; fileRef = 1C700DCC2148BA8F0065E0AA /* HalftoneEffectViewController.m */; };
		1C700DD02148BAA30065E0AA /* GradientViewController.m in Sources */ = {isa = PBXBuildFile; fileRef = 1C700DCF2148BAA30065E0AA /* GradientViewController.m */; };
		1C700DD32148BF4B0065E0AA /* CoreImageModel.m in Sources */ = {isa = PBXBuildFile; fileRef = 1C700DD22148BF4B0065E0AA /* CoreImageModel.m */; };
		1C700DD52148EB990065E0AA /* CIAffineTransform_2x.png in Resources */ = {isa = PBXBuildFile; fileRef = 1C700DD42148EB990065E0AA /* CIAffineTransform_2x.png */; };
		1C700DD72148EBB10065E0AA /* CICrop_2x.png in Resources */ = {isa = PBXBuildFile; fileRef = 1C700DD62148EBB10065E0AA /* CICrop_2x.png */; };
		1C700DD92148EBCD0065E0AA /* CILanczosScaleTransform_2x.png in Resources */ = {isa = PBXBuildFile; fileRef = 1C700DD82148EBCD0065E0AA /* CILanczosScaleTransform_2x.png */; };
		1C700DDB2148EBE60065E0AA /* CIPerspectiveCorrection_2x.png in Resources */ = {isa = PBXBuildFile; fileRef = 1C700DDA2148EBE60065E0AA /* CIPerspectiveCorrection_2x.png */; };
		1C700DDD2148EBFC0065E0AA /* CIPerspectiveTransform_2x.png in Resources */ = {isa = PBXBuildFile; fileRef = 1C700DDC2148EBFC0065E0AA /* CIPerspectiveTransform_2x.png */; };
		1C700DDF2148EC130065E0AA /* CIStraightenFilter_2x.png in Resources */ = {isa = PBXBuildFile; fileRef = 1C700DDE2148EC130065E0AA /* CIStraightenFilter_2x.png */; };
		1C700E0D214A046B0065E0AA /* CICircularScreen.png in Resources */ = {isa = PBXBuildFile; fileRef = 1C700E0C214A046B0065E0AA /* CICircularScreen.png */; };
		1C700E0F214A063E0065E0AA /* CICMYKHalftone.png in Resources */ = {isa = PBXBuildFile; fileRef = 1C700E0E214A063E0065E0AA /* CICMYKHalftone.png */; };
		1C700E11214A0BF00065E0AA /* CICategorySharpen.png in Resources */ = {isa = PBXBuildFile; fileRef = 1C700E10214A0BF00065E0AA /* CICategorySharpen.png */; };
		1C700E15214A0F980065E0AA /* CIBlendWithAlphaMask_2x.png in Resources */ = {isa = PBXBuildFile; fileRef = 1C700E12214A0F970065E0AA /* CIBlendWithAlphaMask_2x.png */; };
		1C700E16214A0F980065E0AA /* CIBlendWithAlphaMask_2x-1.png in Resources */ = {isa = PBXBuildFile; fileRef = 1C700E13214A0F970065E0AA /* CIBlendWithAlphaMask_2x-1.png */; };
		1C700E17214A0F980065E0AA /* CIBlendWithAlphaMask_2x-2.png in Resources */ = {isa = PBXBuildFile; fileRef = 1C700E14214A0F980065E0AA /* CIBlendWithAlphaMask_2x-2.png */; };
		1C700E19214A47790065E0AA /* CIBloom.png in Resources */ = {isa = PBXBuildFile; fileRef = 1C700E18214A47780065E0AA /* CIBloom.png */; };
		1C700E1B214A47F40065E0AA /* CIComicEffect.png in Resources */ = {isa = PBXBuildFile; fileRef = 1C700E1A214A47F40065E0AA /* CIComicEffect.png */; };
		1C700E1D214A48850065E0AA /* CIConvolution3X3.png in Resources */ = {isa = PBXBuildFile; fileRef = 1C700E1C214A48850065E0AA /* CIConvolution3X3.png */; };
		1C700E1F214A49F00065E0AA /* CICrystallize.png in Resources */ = {isa = PBXBuildFile; fileRef = 1C700E1E214A49F00065E0AA /* CICrystallize.png */; };
		1C700E21214A4B1B0065E0AA /* CIDepthOfField.png in Resources */ = {isa = PBXBuildFile; fileRef = 1C700E20214A4B1B0065E0AA /* CIDepthOfField.png */; };
		1C700E23214A4F370065E0AA /* CIHeightFieldFromMask.png in Resources */ = {isa = PBXBuildFile; fileRef = 1C700E22214A4F370065E0AA /* CIHeightFieldFromMask.png */; };
		1C700E25214A4F900065E0AA /* CIHexagonalPixellate.png in Resources */ = {isa = PBXBuildFile; fileRef = 1C700E24214A4F900065E0AA /* CIHexagonalPixellate.png */; };
		1C700E27214A4FD80065E0AA /* CIHighlightShadowAdjust.png in Resources */ = {isa = PBXBuildFile; fileRef = 1C700E26214A4FD70065E0AA /* CIHighlightShadowAdjust.png */; };
		1C700E2A214A5C600065E0AA /* CIAccordionFoldTransition_2x.png in Resources */ = {isa = PBXBuildFile; fileRef = 1C700E28214A5C600065E0AA /* CIAccordionFoldTransition_2x.png */; };
		1C700E2B214A5C600065E0AA /* CIAccordionFoldTransition.png in Resources */ = {isa = PBXBuildFile; fileRef = 1C700E29214A5C600065E0AA /* CIAccordionFoldTransition.png */; };
		1C700E2E214A60F90065E0AA /* CICategoryTransition.png in Resources */ = {isa = PBXBuildFile; fileRef = 1C700E2C214A60F80065E0AA /* CICategoryTransition.png */; };
		1C700E2F214A60F90065E0AA /* CICategoryTransition1.png in Resources */ = {isa = PBXBuildFile; fileRef = 1C700E2D214A60F90065E0AA /* CICategoryTransition1.png */; };
		1C700E31214B5E170065E0AA /* CIShadedMaterial.png in Resources */ = {isa = PBXBuildFile; fileRef = 1C700E30214B5E170065E0AA /* CIShadedMaterial.png */; };
		1C700E33214B84AD0065E0AA /* CIAffineClamp.png in Resources */ = {isa = PBXBuildFile; fileRef = 1C700E32214B84AC0065E0AA /* CIAffineClamp.png */; };
		1C700E35214B8BDC0065E0AA /* CISixfoldReflectedTile.png in Resources */ = {isa = PBXBuildFile; fileRef = 1C700E34214B8BDB0065E0AA /* CISixfoldReflectedTile.png */; };
		1C700E37214B8E180065E0AA /* CIOpTile.png in Resources */ = {isa = PBXBuildFile; fileRef = 1C700E36214B8E180065E0AA /* CIOpTile.png */; };
		1C700E39214B8E850065E0AA /* CIPerspectiveTile.png in Resources */ = {isa = PBXBuildFile; fileRef = 1C700E38214B8E850065E0AA /* CIPerspectiveTile.png */; };
		1C700E3B214B97A00065E0AA /* CIDisintegrateWithMaskTransition.png in Resources */ = {isa = PBXBuildFile; fileRef = 1C700E3A214B97A00065E0AA /* CIDisintegrateWithMaskTransition.png */; };
		1C700E3D214B9F0F0065E0AA /* CIHistogramDisplayFilter.png in Resources */ = {isa = PBXBuildFile; fileRef = 1C700E3C214B9F0F0065E0AA /* CIHistogramDisplayFilter.png */; };
		1C700E3F214F4BFD0065E0AA /* CIPerspectiveTransformWithExtent_2x.png in Resources */ = {isa = PBXBuildFile; fileRef = 1C700E3E214F4BFD0065E0AA /* CIPerspectiveTransformWithExtent_2x.png */; };
/* End PBXBuildFile section */

/* Begin PBXFileReference section */
		1C0683192140C47500B9A328 /* CoreImages.app */ = {isa = PBXFileReference; explicitFileType = wrapper.application; includeInIndex = 0; path = CoreImages.app; sourceTree = BUILT_PRODUCTS_DIR; };
		1C06831C2140C47500B9A328 /* AppDelegate.h */ = {isa = PBXFileReference; lastKnownFileType = sourcecode.c.h; path = AppDelegate.h; sourceTree = "<group>"; };
		1C06831D2140C47500B9A328 /* AppDelegate.m */ = {isa = PBXFileReference; lastKnownFileType = sourcecode.c.objc; path = AppDelegate.m; sourceTree = "<group>"; };
		1C06831F2140C47500B9A328 /* ViewController.h */ = {isa = PBXFileReference; lastKnownFileType = sourcecode.c.h; path = ViewController.h; sourceTree = "<group>"; };
		1C0683202140C47500B9A328 /* ViewController.m */ = {isa = PBXFileReference; lastKnownFileType = sourcecode.c.objc; path = ViewController.m; sourceTree = "<group>"; };
		1C0683232140C47500B9A328 /* Base */ = {isa = PBXFileReference; lastKnownFileType = file.storyboard; name = Base; path = Base.lproj/Main.storyboard; sourceTree = "<group>"; };
		1C0683252140C47600B9A328 /* Assets.xcassets */ = {isa = PBXFileReference; lastKnownFileType = folder.assetcatalog; path = Assets.xcassets; sourceTree = "<group>"; };
		1C0683282140C47600B9A328 /* Base */ = {isa = PBXFileReference; lastKnownFileType = file.storyboard; name = Base; path = Base.lproj/LaunchScreen.storyboard; sourceTree = "<group>"; };
		1C06832A2140C47600B9A328 /* Info.plist */ = {isa = PBXFileReference; lastKnownFileType = text.plist.xml; path = Info.plist; sourceTree = "<group>"; };
		1C06832B2140C47600B9A328 /* main.m */ = {isa = PBXFileReference; lastKnownFileType = sourcecode.c.objc; path = main.m; sourceTree = "<group>"; };
		1C0683322140C75A00B9A328 /* BaseViewController.h */ = {isa = PBXFileReference; lastKnownFileType = sourcecode.c.h; path = BaseViewController.h; sourceTree = "<group>"; };
		1C0683332140C75A00B9A328 /* BaseViewController.m */ = {isa = PBXFileReference; lastKnownFileType = sourcecode.c.objc; path = BaseViewController.m; sourceTree = "<group>"; };
		1C0683362140D58100B9A328 /* CoreImage.framework */ = {isa = PBXFileReference; lastKnownFileType = wrapper.framework; name = CoreImage.framework; path = System/Library/Frameworks/CoreImage.framework; sourceTree = SDKROOT; };
		1C0683382140D62C00B9A328 /* image.jpg */ = {isa = PBXFileReference; lastKnownFileType = image.jpeg; path = image.jpg; sourceTree = "<group>"; };
		1C06833A2140F77400B9A328 /* images.jpg */ = {isa = PBXFileReference; lastKnownFileType = image.jpeg; path = images.jpg; sourceTree = "<group>"; };
		1C06833F2141158800B9A328 /* BlurViewController.h */ = {isa = PBXFileReference; lastKnownFileType = sourcecode.c.h; path = BlurViewController.h; sourceTree = "<group>"; };
		1C0683402141158900B9A328 /* BlurViewController.m */ = {isa = PBXFileReference; lastKnownFileType = sourcecode.c.objc; path = BlurViewController.m; sourceTree = "<group>"; };
		1C06834221411AC600B9A328 /* numberImage.jpg */ = {isa = PBXFileReference; lastKnownFileType = image.jpeg; path = numberImage.jpg; sourceTree = "<group>"; };
		1C0683462141231A00B9A328 /* ColorAdjustmentViewController.h */ = {isa = PBXFileReference; lastKnownFileType = sourcecode.c.h; path = ColorAdjustmentViewController.h; sourceTree = "<group>"; };
		1C0683472141231A00B9A328 /* ColorAdjustmentViewController.m */ = {isa = PBXFileReference; lastKnownFileType = sourcecode.c.objc; path = ColorAdjustmentViewController.m; sourceTree = "<group>"; };
		1C06834A214211F600B9A328 /* ColorEffectViewController.h */ = {isa = PBXFileReference; lastKnownFileType = sourcecode.c.h; path = ColorEffectViewController.h; sourceTree = "<group>"; };
		1C06834B214211F600B9A328 /* ColorEffectViewController.m */ = {isa = PBXFileReference; lastKnownFileType = sourcecode.c.objc; path = ColorEffectViewController.m; sourceTree = "<group>"; };
		1C06834E214247AD00B9A328 /* CompositeOperationViewController.h */ = {isa = PBXFileReference; lastKnownFileType = sourcecode.c.h; path = CompositeOperationViewController.h; sourceTree = "<group>"; };
		1C06834F214247AD00B9A328 /* CompositeOperationViewController.m */ = {isa = PBXFileReference; lastKnownFileType = sourcecode.c.objc; path = CompositeOperationViewController.m; sourceTree = "<group>"; };
		1C06835121424CED00B9A328 /* inputComposite.png */ = {isa = PBXFileReference; lastKnownFileType = image.png; path = inputComposite.png; sourceTree = "<group>"; };
		1C06835321424CF200B9A328 /* backComposite.png */ = {isa = PBXFileReference; lastKnownFileType = image.png; path = backComposite.png; sourceTree = "<group>"; };
		1C0683562142538200B9A328 /* DistortionEffectViewController.h */ = {isa = PBXFileReference; lastKnownFileType = sourcecode.c.h; path = DistortionEffectViewController.h; sourceTree = "<group>"; };
		1C0683572142538200B9A328 /* DistortionEffectViewController.m */ = {isa = PBXFileReference; lastKnownFileType = sourcecode.c.objc; path = DistortionEffectViewController.m; sourceTree = "<group>"; };
		1C0683592142551000B9A328 /* backComposite.png */ = {isa = PBXFileReference; lastKnownFileType = image.png; path = backComposite.png; sourceTree = "<group>"; };
		1C06835A2142551000B9A328 /* CICircularWrap.png */ = {isa = PBXFileReference; lastKnownFileType = image.png; path = CICircularWrap.png; sourceTree = "<group>"; };
		1C06835B2142551000B9A328 /* CIBumpDistortionLinear.png */ = {isa = PBXFileReference; lastKnownFileType = image.png; path = CIBumpDistortionLinear.png; sourceTree = "<group>"; };
		1C06835C2142551000B9A328 /* CIBumpDistortion.png */ = {isa = PBXFileReference; lastKnownFileType = image.png; path = CIBumpDistortion.png; sourceTree = "<group>"; };
		1C06835D2142551000B9A328 /* CIDroste.png */ = {isa = PBXFileReference; lastKnownFileType = image.png; path = CIDroste.png; sourceTree = "<group>"; };
		1C0683632142582100B9A328 /* CIGlassDistortion.png */ = {isa = PBXFileReference; lastKnownFileType = image.png; path = CIGlassDistortion.png; sourceTree = "<group>"; };
		1C700DAE2147B74B0065E0AA /* GeneratorViewController.h */ = {isa = PBXFileReference; lastKnownFileType = sourcecode.c.h; path = GeneratorViewController.h; sourceTree = "<group>"; };
		1C700DAF2147B74B0065E0AA /* GeneratorViewController.m */ = {isa = PBXFileReference; lastKnownFileType = sourcecode.c.objc; path = GeneratorViewController.m; sourceTree = "<group>"; };
		1C700DB22148B7560065E0AA /* GeometryAdjustmentViewController.h */ = {isa = PBXFileReference; lastKnownFileType = sourcecode.c.h; path = GeometryAdjustmentViewController.h; sourceTree = "<group>"; };
		1C700DB32148B7560065E0AA /* GeometryAdjustmentViewController.m */ = {isa = PBXFileReference; lastKnownFileType = sourcecode.c.objc; path = GeometryAdjustmentViewController.m; sourceTree = "<group>"; };
		1C700DBC2148BA460065E0AA /* TransitionViewController.h */ = {isa = PBXFileReference; lastKnownFileType = sourcecode.c.h; path = TransitionViewController.h; sourceTree = "<group>"; };
		1C700DBD2148BA460065E0AA /* TransitionViewController.m */ = {isa = PBXFileReference; lastKnownFileType = sourcecode.c.objc; path = TransitionViewController.m; sourceTree = "<group>"; };
		1C700DBF2148BA560065E0AA /* TileEffectViewController.h */ = {isa = PBXFileReference; lastKnownFileType = sourcecode.c.h; path = TileEffectViewController.h; sourceTree = "<group>"; };
		1C700DC02148BA560065E0AA /* TileEffectViewController.m */ = {isa = PBXFileReference; lastKnownFileType = sourcecode.c.objc; path = TileEffectViewController.m; sourceTree = "<group>"; };
		1C700DC22148BA660065E0AA /* StylizeViewController.h */ = {isa = PBXFileReference; lastKnownFileType = sourcecode.c.h; path = StylizeViewController.h; sourceTree = "<group>"; };
		1C700DC32148BA660065E0AA /* StylizeViewController.m */ = {isa = PBXFileReference; lastKnownFileType = sourcecode.c.objc; path = StylizeViewController.m; sourceTree = "<group>"; };
		1C700DC52148BA730065E0AA /* SharpenViewController.h */ = {isa = PBXFileReference; lastKnownFileType = sourcecode.c.h; path = SharpenViewController.h; sourceTree = "<group>"; };
		1C700DC62148BA730065E0AA /* SharpenViewController.m */ = {isa = PBXFileReference; lastKnownFileType = sourcecode.c.objc; path = SharpenViewController.m; sourceTree = "<group>"; };
		1C700DC82148BA800065E0AA /* ReductionViewController.h */ = {isa = PBXFileReference; lastKnownFileType = sourcecode.c.h; path = ReductionViewController.h; sourceTree = "<group>"; };
		1C700DC92148BA800065E0AA /* ReductionViewController.m */ = {isa = PBXFileReference; lastKnownFileType = sourcecode.c.objc; path = ReductionViewController.m; sourceTree = "<group>"; };
		1C700DCB2148BA8F0065E0AA /* HalftoneEffectViewController.h */ = {isa = PBXFileReference; lastKnownFileType = sourcecode.c.h; path = HalftoneEffectViewController.h; sourceTree = "<group>"; };
		1C700DCC2148BA8F0065E0AA /* HalftoneEffectViewController.m */ = {isa = PBXFileReference; lastKnownFileType = sourcecode.c.objc; path = HalftoneEffectViewController.m; sourceTree = "<group>"; };
		1C700DCE2148BAA30065E0AA /* GradientViewController.h */ = {isa = PBXFileReference; lastKnownFileType = sourcecode.c.h; path = GradientViewController.h; sourceTree = "<group>"; };
		1C700DCF2148BAA30065E0AA /* GradientViewController.m */ = {isa = PBXFileReference; lastKnownFileType = sourcecode.c.objc; path = GradientViewController.m; sourceTree = "<group>"; };
		1C700DD12148BF4B0065E0AA /* CoreImageModel.h */ = {isa = PBXFileReference; lastKnownFileType = sourcecode.c.h; path = CoreImageModel.h; sourceTree = "<group>"; };
		1C700DD22148BF4B0065E0AA /* CoreImageModel.m */ = {isa = PBXFileReference; lastKnownFileType = sourcecode.c.objc; path = CoreImageModel.m; sourceTree = "<group>"; };
		1C700DD42148EB990065E0AA /* CIAffineTransform_2x.png */ = {isa = PBXFileReference; lastKnownFileType = image.png; path = CIAffineTransform_2x.png; sourceTree = "<group>"; };
		1C700DD62148EBB10065E0AA /* CICrop_2x.png */ = {isa = PBXFileReference; lastKnownFileType = image.png; path = CICrop_2x.png; sourceTree = "<group>"; };
		1C700DD82148EBCD0065E0AA /* CILanczosScaleTransform_2x.png */ = {isa = PBXFileReference; lastKnownFileType = image.png; path = CILanczosScaleTransform_2x.png; sourceTree = "<group>"; };
		1C700DDA2148EBE60065E0AA /* CIPerspectiveCorrection_2x.png */ = {isa = PBXFileReference; lastKnownFileType = image.png; path = CIPerspectiveCorrection_2x.png; sourceTree = "<group>"; };
		1C700DDC2148EBFC0065E0AA /* CIPerspectiveTransform_2x.png */ = {isa = PBXFileReference; lastKnownFileType = image.png; path = CIPerspectiveTransform_2x.png; sourceTree = "<group>"; };
		1C700DDE2148EC130065E0AA /* CIStraightenFilter_2x.png */ = {isa = PBXFileReference; lastKnownFileType = image.png; path = CIStraightenFilter_2x.png; sourceTree = "<group>"; };
		1C700E0C214A046B0065E0AA /* CICircularScreen.png */ = {isa = PBXFileReference; lastKnownFileType = image.png; path = CICircularScreen.png; sourceTree = "<group>"; };
		1C700E0E214A063E0065E0AA /* CICMYKHalftone.png */ = {isa = PBXFileReference; lastKnownFileType = image.png; path = CICMYKHalftone.png; sourceTree = "<group>"; };
		1C700E10214A0BF00065E0AA /* CICategorySharpen.png */ = {isa = PBXFileReference; lastKnownFileType = image.png; path = CICategorySharpen.png; sourceTree = "<group>"; };
		1C700E12214A0F970065E0AA /* CIBlendWithAlphaMask_2x.png */ = {isa = PBXFileReference; lastKnownFileType = image.png; path = CIBlendWithAlphaMask_2x.png; sourceTree = "<group>"; };
		1C700E13214A0F970065E0AA /* CIBlendWithAlphaMask_2x-1.png */ = {isa = PBXFileReference; lastKnownFileType = image.png; path = "CIBlendWithAlphaMask_2x-1.png"; sourceTree = "<group>"; };
		1C700E14214A0F980065E0AA /* CIBlendWithAlphaMask_2x-2.png */ = {isa = PBXFileReference; lastKnownFileType = image.png; path = "CIBlendWithAlphaMask_2x-2.png"; sourceTree = "<group>"; };
		1C700E18214A47780065E0AA /* CIBloom.png */ = {isa = PBXFileReference; lastKnownFileType = image.png; path = CIBloom.png; sourceTree = "<group>"; };
		1C700E1A214A47F40065E0AA /* CIComicEffect.png */ = {isa = PBXFileReference; lastKnownFileType = image.png; path = CIComicEffect.png; sourceTree = "<group>"; };
		1C700E1C214A48850065E0AA /* CIConvolution3X3.png */ = {isa = PBXFileReference; lastKnownFileType = image.png; path = CIConvolution3X3.png; sourceTree = "<group>"; };
		1C700E1E214A49F00065E0AA /* CICrystallize.png */ = {isa = PBXFileReference; lastKnownFileType = image.png; path = CICrystallize.png; sourceTree = "<group>"; };
		1C700E20214A4B1B0065E0AA /* CIDepthOfField.png */ = {isa = PBXFileReference; lastKnownFileType = image.png; path = CIDepthOfField.png; sourceTree = "<group>"; };
		1C700E22214A4F370065E0AA /* CIHeightFieldFromMask.png */ = {isa = PBXFileReference; lastKnownFileType = image.png; path = CIHeightFieldFromMask.png; sourceTree = "<group>"; };
		1C700E24214A4F900065E0AA /* CIHexagonalPixellate.png */ = {isa = PBXFileReference; lastKnownFileType = image.png; path = CIHexagonalPixellate.png; sourceTree = "<group>"; };
		1C700E26214A4FD70065E0AA /* CIHighlightShadowAdjust.png */ = {isa = PBXFileReference; lastKnownFileType = image.png; path = CIHighlightShadowAdjust.png; sourceTree = "<group>"; };
		1C700E28214A5C600065E0AA /* CIAccordionFoldTransition_2x.png */ = {isa = PBXFileReference; lastKnownFileType = image.png; path = CIAccordionFoldTransition_2x.png; sourceTree = "<group>"; };
		1C700E29214A5C600065E0AA /* CIAccordionFoldTransition.png */ = {isa = PBXFileReference; lastKnownFileType = image.png; path = CIAccordionFoldTransition.png; sourceTree = "<group>"; };
		1C700E2C214A60F80065E0AA /* CICategoryTransition.png */ = {isa = PBXFileReference; lastKnownFileType = image.png; path = CICategoryTransition.png; sourceTree = "<group>"; };
		1C700E2D214A60F90065E0AA /* CICategoryTransition1.png */ = {isa = PBXFileReference; lastKnownFileType = image.png; path = CICategoryTransition1.png; sourceTree = "<group>"; };
		1C700E30214B5E170065E0AA /* CIShadedMaterial.png */ = {isa = PBXFileReference; lastKnownFileType = image.png; path = CIShadedMaterial.png; sourceTree = "<group>"; };
		1C700E32214B84AC0065E0AA /* CIAffineClamp.png */ = {isa = PBXFileReference; lastKnownFileType = image.png; path = CIAffineClamp.png; sourceTree = "<group>"; };
		1C700E34214B8BDB0065E0AA /* CISixfoldReflectedTile.png */ = {isa = PBXFileReference; lastKnownFileType = image.png; path = CISixfoldReflectedTile.png; sourceTree = "<group>"; };
		1C700E36214B8E180065E0AA /* CIOpTile.png */ = {isa = PBXFileReference; lastKnownFileType = image.png; path = CIOpTile.png; sourceTree = "<group>"; };
		1C700E38214B8E850065E0AA /* CIPerspectiveTile.png */ = {isa = PBXFileReference; lastKnownFileType = image.png; path = CIPerspectiveTile.png; sourceTree = "<group>"; };
		1C700E3A214B97A00065E0AA /* CIDisintegrateWithMaskTransition.png */ = {isa = PBXFileReference; lastKnownFileType = image.png; path = CIDisintegrateWithMaskTransition.png; sourceTree = "<group>"; };
		1C700E3C214B9F0F0065E0AA /* CIHistogramDisplayFilter.png */ = {isa = PBXFileReference; lastKnownFileType = image.png; path = CIHistogramDisplayFilter.png; sourceTree = "<group>"; };
		1C700E3E214F4BFD0065E0AA /* CIPerspectiveTransformWithExtent_2x.png */ = {isa = PBXFileReference; lastKnownFileType = image.png; name = CIPerspectiveTransformWithExtent_2x.png; path = "../../../../未命名文件夹/CIPerspectiveTransformWithExtent_2x.png"; sourceTree = "<group>"; };
/* End PBXFileReference section */

/* Begin PBXFrameworksBuildPhase section */
		1C0683162140C47500B9A328 /* Frameworks */ = {
			isa = PBXFrameworksBuildPhase;
			buildActionMask = 2147483647;
			files = (
				1C0683372140D58100B9A328 /* CoreImage.framework in Frameworks */,
			);
			runOnlyForDeploymentPostprocessing = 0;
		};
/* End PBXFrameworksBuildPhase section */

/* Begin PBXGroup section */
		1C0683102140C47500B9A328 = {
			isa = PBXGroup;
			children = (
				1C06831B2140C47500B9A328 /* CoreImages */,
				1C06831A2140C47500B9A328 /* Products */,
				1C0683352140D58100B9A328 /* Frameworks */,
			);
			sourceTree = "<group>";
		};
		1C06831A2140C47500B9A328 /* Products */ = {
			isa = PBXGroup;
			children = (
				1C0683192140C47500B9A328 /* CoreImages.app */,
			);
			name = Products;
			sourceTree = "<group>";
		};
		1C06831B2140C47500B9A328 /* CoreImages */ = {
			isa = PBXGroup;
			children = (
				1C06831C2140C47500B9A328 /* AppDelegate.h */,
				1C06831D2140C47500B9A328 /* AppDelegate.m */,
				1C06831F2140C47500B9A328 /* ViewController.h */,
				1C0683202140C47500B9A328 /* ViewController.m */,
				1C700DD12148BF4B0065E0AA /* CoreImageModel.h */,
				1C700DD22148BF4B0065E0AA /* CoreImageModel.m */,
				1C0683322140C75A00B9A328 /* BaseViewController.h */,
				1C0683332140C75A00B9A328 /* BaseViewController.m */,
				1C700DBB2148BA180065E0AA /* CICategoryTransition */,
				1C700DBA2148BA0B0065E0AA /* CICategoryTileEffect */,
				1C700DB92148BA020065E0AA /* CICategoryStylize */,
				1C700DB82148B9F80065E0AA /* CICategorySharpen */,
				1C700DB72148B9EF0065E0AA /* CICategoryReduction */,
				1C700DB62148B9E70065E0AA /* CICategoryHalftoneEffect */,
				1C700DB52148B9D90065E0AA /* CICategoryGradient */,
				1C700DB12148B73B0065E0AA /* CICategoryGeometryAdjustment */,
				1C700DAD2147B71A0065E0AA /* CICategoryGenerator */,
				1C0683552142536800B9A328 /* CICategoryDistortionEffect */,
				1C06834D2142479900B9A328 /* CICategoryCompositeOperation */,
				1C068349214211D400B9A328 /* CICategoryColorEffect */,
				1C0683452141230600B9A328 /* CICategoryColorAdjustment */,
				1C068344214122E200B9A328 /* CICategoryBlur */,
				1C0683222140C47500B9A328 /* Main.storyboard */,
				1C0683252140C47600B9A328 /* Assets.xcassets */,
				1C0683272140C47600B9A328 /* LaunchScreen.storyboard */,
				1C06832A2140C47600B9A328 /* Info.plist */,
				1C06832B2140C47600B9A328 /* main.m */,
			);
			path = CoreImages;
			sourceTree = "<group>";
		};
		1C0683352140D58100B9A328 /* Frameworks */ = {
			isa = PBXGroup;
			children = (
				1C0683362140D58100B9A328 /* CoreImage.framework */,
			);
			name = Frameworks;
			sourceTree = "<group>";
		};
		1C068344214122E200B9A328 /* CICategoryBlur */ = {
			isa = PBXGroup;
			children = (
				1C06834221411AC600B9A328 /* numberImage.jpg */,
				1C06833A2140F77400B9A328 /* images.jpg */,
				1C0683382140D62C00B9A328 /* image.jpg */,
				1C06833F2141158800B9A328 /* BlurViewController.h */,
				1C0683402141158900B9A328 /* BlurViewController.m */,
			);
			path = CICategoryBlur;
			sourceTree = "<group>";
		};
		1C0683452141230600B9A328 /* CICategoryColorAdjustment */ = {
			isa = PBXGroup;
			children = (
				1C0683462141231A00B9A328 /* ColorAdjustmentViewController.h */,
				1C0683472141231A00B9A328 /* ColorAdjustmentViewController.m */,
			);
			path = CICategoryColorAdjustment;
			sourceTree = "<group>";
		};
		1C068349214211D400B9A328 /* CICategoryColorEffect */ = {
			isa = PBXGroup;
			children = (
				1C06834A214211F600B9A328 /* ColorEffectViewController.h */,
				1C06834B214211F600B9A328 /* ColorEffectViewController.m */,
			);
			path = CICategoryColorEffect;
			sourceTree = "<group>";
		};
		1C06834D2142479900B9A328 /* CICategoryCompositeOperation */ = {
			isa = PBXGroup;
			children = (
				1C06835121424CED00B9A328 /* inputComposite.png */,
				1C06835321424CF200B9A328 /* backComposite.png */,
				1C06834E214247AD00B9A328 /* CompositeOperationViewController.h */,
				1C06834F214247AD00B9A328 /* CompositeOperationViewController.m */,
			);
			path = CICategoryCompositeOperation;
			sourceTree = "<group>";
		};
		1C0683552142536800B9A328 /* CICategoryDistortionEffect */ = {
			isa = PBXGroup;
			children = (
				1C0683632142582100B9A328 /* CIGlassDistortion.png */,
				1C0683592142551000B9A328 /* backComposite.png */,
				1C06835C2142551000B9A328 /* CIBumpDistortion.png */,
				1C06835B2142551000B9A328 /* CIBumpDistortionLinear.png */,
				1C06835A2142551000B9A328 /* CICircularWrap.png */,
				1C06835D2142551000B9A328 /* CIDroste.png */,
				1C0683562142538200B9A328 /* DistortionEffectViewController.h */,
				1C0683572142538200B9A328 /* DistortionEffectViewController.m */,
			);
			path = CICategoryDistortionEffect;
			sourceTree = "<group>";
		};
		1C700DAD2147B71A0065E0AA /* CICategoryGenerator */ = {
			isa = PBXGroup;
			children = (
				1C700DAE2147B74B0065E0AA /* GeneratorViewController.h */,
				1C700DAF2147B74B0065E0AA /* GeneratorViewController.m */,
			);
			path = CICategoryGenerator;
			sourceTree = "<group>";
		};
		1C700DB12148B73B0065E0AA /* CICategoryGeometryAdjustment */ = {
			isa = PBXGroup;
			children = (
				1C700DD82148EBCD0065E0AA /* CILanczosScaleTransform_2x.png */,
				1C700DD42148EB990065E0AA /* CIAffineTransform_2x.png */,
				1C700E3E214F4BFD0065E0AA /* CIPerspectiveTransformWithExtent_2x.png */,
				1C700DDE2148EC130065E0AA /* CIStraightenFilter_2x.png */,
				1C700DDC2148EBFC0065E0AA /* CIPerspectiveTransform_2x.png */,
				1C700DDA2148EBE60065E0AA /* CIPerspectiveCorrection_2x.png */,
				1C700DD62148EBB10065E0AA /* CICrop_2x.png */,
				1C700DB22148B7560065E0AA /* GeometryAdjustmentViewController.h */,
				1C700DB32148B7560065E0AA /* GeometryAdjustmentViewController.m */,
			);
			path = CICategoryGeometryAdjustment;
			sourceTree = "<group>";
		};
		1C700DB52148B9D90065E0AA /* CICategoryGradient */ = {
			isa = PBXGroup;
			children = (
				1C700DCE2148BAA30065E0AA /* GradientViewController.h */,
				1C700DCF2148BAA30065E0AA /* GradientViewController.m */,
			);
			path = CICategoryGradient;
			sourceTree = "<group>";
		};
		1C700DB62148B9E70065E0AA /* CICategoryHalftoneEffect */ = {
			isa = PBXGroup;
			children = (
				1C700E0C214A046B0065E0AA /* CICircularScreen.png */,
				1C700E0E214A063E0065E0AA /* CICMYKHalftone.png */,
				1C700DCB2148BA8F0065E0AA /* HalftoneEffectViewController.h */,
				1C700DCC2148BA8F0065E0AA /* HalftoneEffectViewController.m */,
			);
			path = CICategoryHalftoneEffect;
			sourceTree = "<group>";
		};
		1C700DB72148B9EF0065E0AA /* CICategoryReduction */ = {
			isa = PBXGroup;
			children = (
				1C700E3C214B9F0F0065E0AA /* CIHistogramDisplayFilter.png */,
				1C700DC82148BA800065E0AA /* ReductionViewController.h */,
				1C700DC92148BA800065E0AA /* ReductionViewController.m */,
			);
			path = CICategoryReduction;
			sourceTree = "<group>";
		};
		1C700DB82148B9F80065E0AA /* CICategorySharpen */ = {
			isa = PBXGroup;
			children = (
				1C700E10214A0BF00065E0AA /* CICategorySharpen.png */,
				1C700DC52148BA730065E0AA /* SharpenViewController.h */,
				1C700DC62148BA730065E0AA /* SharpenViewController.m */,
			);
			path = CICategorySharpen;
			sourceTree = "<group>";
		};
		1C700DB92148BA020065E0AA /* CICategoryStylize */ = {
			isa = PBXGroup;
			children = (
				1C700E30214B5E170065E0AA /* CIShadedMaterial.png */,
				1C700E22214A4F370065E0AA /* CIHeightFieldFromMask.png */,
				1C700E20214A4B1B0065E0AA /* CIDepthOfField.png */,
				1C700E26214A4FD70065E0AA /* CIHighlightShadowAdjust.png */,
				1C700E24214A4F900065E0AA /* CIHexagonalPixellate.png */,
				1C700E1E214A49F00065E0AA /* CICrystallize.png */,
				1C700E1C214A48850065E0AA /* CIConvolution3X3.png */,
				1C700E1A214A47F40065E0AA /* CIComicEffect.png */,
				1C700E18214A47780065E0AA /* CIBloom.png */,
				1C700E13214A0F970065E0AA /* CIBlendWithAlphaMask_2x-1.png */,
				1C700E14214A0F980065E0AA /* CIBlendWithAlphaMask_2x-2.png */,
				1C700E12214A0F970065E0AA /* CIBlendWithAlphaMask_2x.png */,
				1C700DC22148BA660065E0AA /* StylizeViewController.h */,
				1C700DC32148BA660065E0AA /* StylizeViewController.m */,
			);
			path = CICategoryStylize;
			sourceTree = "<group>";
		};
		1C700DBA2148BA0B0065E0AA /* CICategoryTileEffect */ = {
			isa = PBXGroup;
			children = (
				1C700E38214B8E850065E0AA /* CIPerspectiveTile.png */,
				1C700E36214B8E180065E0AA /* CIOpTile.png */,
				1C700E34214B8BDB0065E0AA /* CISixfoldReflectedTile.png */,
				1C700E32214B84AC0065E0AA /* CIAffineClamp.png */,
				1C700DBF2148BA560065E0AA /* TileEffectViewController.h */,
				1C700DC02148BA560065E0AA /* TileEffectViewController.m */,
			);
			path = CICategoryTileEffect;
			sourceTree = "<group>";
		};
		1C700DBB2148BA180065E0AA /* CICategoryTransition */ = {
			isa = PBXGroup;
			children = (
				1C700E3A214B97A00065E0AA /* CIDisintegrateWithMaskTransition.png */,
				1C700E2C214A60F80065E0AA /* CICategoryTransition.png */,
				1C700E2D214A60F90065E0AA /* CICategoryTransition1.png */,
				1C700E28214A5C600065E0AA /* CIAccordionFoldTransition_2x.png */,
				1C700E29214A5C600065E0AA /* CIAccordionFoldTransition.png */,
				1C700DBC2148BA460065E0AA /* TransitionViewController.h */,
				1C700DBD2148BA460065E0AA /* TransitionViewController.m */,
			);
			path = CICategoryTransition;
			sourceTree = "<group>";
		};
/* End PBXGroup section */

/* Begin PBXNativeTarget section */
		1C0683182140C47500B9A328 /* CoreImages */ = {
			isa = PBXNativeTarget;
			buildConfigurationList = 1C06832F2140C47600B9A328 /* Build configuration list for PBXNativeTarget "CoreImages" */;
			buildPhases = (
				1C0683152140C47500B9A328 /* Sources */,
				1C0683162140C47500B9A328 /* Frameworks */,
				1C0683172140C47500B9A328 /* Resources */,
			);
			buildRules = (
			);
			dependencies = (
			);
			name = CoreImages;
			productName = CoreImages;
			productReference = 1C0683192140C47500B9A328 /* CoreImages.app */;
			productType = "com.apple.product-type.application";
		};
/* End PBXNativeTarget section */

/* Begin PBXProject section */
		1C0683112140C47500B9A328 /* Project object */ = {
			isa = PBXProject;
			attributes = {
				LastUpgradeCheck = 0940;
				ORGANIZATIONNAME = "le tong";
				TargetAttributes = {
					1C0683182140C47500B9A328 = {
						CreatedOnToolsVersion = 9.4.1;
					};
				};
			};
			buildConfigurationList = 1C0683142140C47500B9A328 /* Build configuration list for PBXProject "CoreImages" */;
			compatibilityVersion = "Xcode 9.3";
			developmentRegion = en;
			hasScannedForEncodings = 0;
			knownRegions = (
				en,
				Base,
			);
			mainGroup = 1C0683102140C47500B9A328;
			productRefGroup = 1C06831A2140C47500B9A328 /* Products */;
			projectDirPath = "";
			projectRoot = "";
			targets = (
				1C0683182140C47500B9A328 /* CoreImages */,
			);
		};
/* End PBXProject section */

/* Begin PBXResourcesBuildPhase section */
		1C0683172140C47500B9A328 /* Resources */ = {
			isa = PBXResourcesBuildPhase;
			buildActionMask = 2147483647;
			files = (
				1C700E37214B8E180065E0AA /* CIOpTile.png in Resources */,
				1C06835421424CF200B9A328 /* backComposite.png in Resources */,
				1C0683292140C47600B9A328 /* LaunchScreen.storyboard in Resources */,
				1C06833B2140F77400B9A328 /* images.jpg in Resources */,
				1C700E19214A47790065E0AA /* CIBloom.png in Resources */,
				1C700E39214B8E850065E0AA /* CIPerspectiveTile.png in Resources */,
				1C0683262140C47600B9A328 /* Assets.xcassets in Resources */,
				1C700E3F214F4BFD0065E0AA /* CIPerspectiveTransformWithExtent_2x.png in Resources */,
				1C700E17214A0F980065E0AA /* CIBlendWithAlphaMask_2x-2.png in Resources */,
				1C0683242140C47500B9A328 /* Main.storyboard in Resources */,
				1C700DD92148EBCD0065E0AA /* CILanczosScaleTransform_2x.png in Resources */,
				1C0683622142551000B9A328 /* CIDroste.png in Resources */,
				1C700E3D214B9F0F0065E0AA /* CIHistogramDisplayFilter.png in Resources */,
				1C06835221424CED00B9A328 /* inputComposite.png in Resources */,
				1C700E2B214A5C600065E0AA /* CIAccordionFoldTransition.png in Resources */,
				1C700DDF2148EC130065E0AA /* CIStraightenFilter_2x.png in Resources */,
				1C700E15214A0F980065E0AA /* CIBlendWithAlphaMask_2x.png in Resources */,
				1C700DD52148EB990065E0AA /* CIAffineTransform_2x.png in Resources */,
				1C700E33214B84AD0065E0AA /* CIAffineClamp.png in Resources */,
				1C700E11214A0BF00065E0AA /* CICategorySharpen.png in Resources */,
				1C0683612142551000B9A328 /* CIBumpDistortion.png in Resources */,
				1C700E2F214A60F90065E0AA /* CICategoryTransition1.png in Resources */,
				1C700E16214A0F980065E0AA /* CIBlendWithAlphaMask_2x-1.png in Resources */,
				1C700E3B214B97A00065E0AA /* CIDisintegrateWithMaskTransition.png in Resources */,
				1C700E1D214A48850065E0AA /* CIConvolution3X3.png in Resources */,
				1C700DDB2148EBE60065E0AA /* CIPerspectiveCorrection_2x.png in Resources */,
				1C700DD72148EBB10065E0AA /* CICrop_2x.png in Resources */,
				1C700E0D214A046B0065E0AA /* CICircularScreen.png in Resources */,
				1C06835F2142551000B9A328 /* CICircularWrap.png in Resources */,
				1C700E27214A4FD80065E0AA /* CIHighlightShadowAdjust.png in Resources */,
				1C700E35214B8BDC0065E0AA /* CISixfoldReflectedTile.png in Resources */,
				1C700E23214A4F370065E0AA /* CIHeightFieldFromMask.png in Resources */,
				1C0683392140D62D00B9A328 /* image.jpg in Resources */,
				1C06835E2142551000B9A328 /* backComposite.png in Resources */,
				1C700E1B214A47F40065E0AA /* CIComicEffect.png in Resources */,
				1C700E21214A4B1B0065E0AA /* CIDepthOfField.png in Resources */,
				1C700E2E214A60F90065E0AA /* CICategoryTransition.png in Resources */,
				1C700E31214B5E170065E0AA /* CIShadedMaterial.png in Resources */,
				1C700E0F214A063E0065E0AA /* CICMYKHalftone.png in Resources */,
				1C700E25214A4F900065E0AA /* CIHexagonalPixellate.png in Resources */,
				1C700E2A214A5C600065E0AA /* CIAccordionFoldTransition_2x.png in Resources */,
				1C700DDD2148EBFC0065E0AA /* CIPerspectiveTransform_2x.png in Resources */,
				1C0683642142582200B9A328 /* CIGlassDistortion.png in Resources */,
				1C0683602142551000B9A328 /* CIBumpDistortionLinear.png in Resources */,
				1C06834321411AC600B9A328 /* numberImage.jpg in Resources */,
				1C700E1F214A49F00065E0AA /* CICrystallize.png in Resources */,
			);
			runOnlyForDeploymentPostprocessing = 0;
		};
/* End PBXResourcesBuildPhase section */

/* Begin PBXSourcesBuildPhase section */
		1C0683152140C47500B9A328 /* Sources */ = {
			isa = PBXSourcesBuildPhase;
			buildActionMask = 2147483647;
			files = (
				1C700DD02148BAA30065E0AA /* GradientViewController.m in Sources */,
				1C700DCA2148BA800065E0AA /* ReductionViewController.m in Sources */,
				1C700DCD2148BA8F0065E0AA /* HalftoneEffectViewController.m in Sources */,
				1C068350214247AD00B9A328 /* CompositeOperationViewController.m in Sources */,
				1C700DC72148BA730065E0AA /* SharpenViewController.m in Sources */,
				1C0683212140C47500B9A328 /* ViewController.m in Sources */,
				1C0683582142538200B9A328 /* DistortionEffectViewController.m in Sources */,
				1C06834C214211F600B9A328 /* ColorEffectViewController.m in Sources */,
				1C0683482141231A00B9A328 /* ColorAdjustmentViewController.m in Sources */,
				1C700DD32148BF4B0065E0AA /* CoreImageModel.m in Sources */,
				1C700DC12148BA560065E0AA /* TileEffectViewController.m in Sources */,
				1C06832C2140C47600B9A328 /* main.m in Sources */,
				1C700DC42148BA660065E0AA /* StylizeViewController.m in Sources */,
				1C0683342140C75A00B9A328 /* BaseViewController.m in Sources */,
				1C700DBE2148BA460065E0AA /* TransitionViewController.m in Sources */,
				1C0683412141158900B9A328 /* BlurViewController.m in Sources */,
				1C700DB02147B74B0065E0AA /* GeneratorViewController.m in Sources */,
				1C700DB42148B7570065E0AA /* GeometryAdjustmentViewController.m in Sources */,
				1C06831E2140C47500B9A328 /* AppDelegate.m in Sources */,
			);
			runOnlyForDeploymentPostprocessing = 0;
		};
/* End PBXSourcesBuildPhase section */

/* Begin PBXVariantGroup section */
		1C0683222140C47500B9A328 /* Main.storyboard */ = {
			isa = PBXVariantGroup;
			children = (
				1C0683232140C47500B9A328 /* Base */,
			);
			name = Main.storyboard;
			sourceTree = "<group>";
		};
		1C0683272140C47600B9A328 /* LaunchScreen.storyboard */ = {
			isa = PBXVariantGroup;
			children = (
				1C0683282140C47600B9A328 /* Base */,
			);
			name = LaunchScreen.storyboard;
			sourceTree = "<group>";
		};
/* End PBXVariantGroup section */

/* Begin XCBuildConfiguration section */
		1C06832D2140C47600B9A328 /* Debug */ = {
			isa = XCBuildConfiguration;
			buildSettings = {
				ALWAYS_SEARCH_USER_PATHS = NO;
				CLANG_ANALYZER_NONNULL = YES;
				CLANG_ANALYZER_NUMBER_OBJECT_CONVERSION = YES_AGGRESSIVE;
				CLANG_CXX_LANGUAGE_STANDARD = "gnu++14";
				CLANG_CXX_LIBRARY = "libc++";
				CLANG_ENABLE_MODULES = YES;
				CLANG_ENABLE_OBJC_ARC = YES;
				CLANG_ENABLE_OBJC_WEAK = YES;
				CLANG_WARN_BLOCK_CAPTURE_AUTORELEASING = YES;
				CLANG_WARN_BOOL_CONVERSION = YES;
				CLANG_WARN_COMMA = YES;
				CLANG_WARN_CONSTANT_CONVERSION = YES;
				CLANG_WARN_DEPRECATED_OBJC_IMPLEMENTATIONS = YES;
				CLANG_WARN_DIRECT_OBJC_ISA_USAGE = YES_ERROR;
				CLANG_WARN_DOCUMENTATION_COMMENTS = YES;
				CLANG_WARN_EMPTY_BODY = YES;
				CLANG_WARN_ENUM_CONVERSION = YES;
				CLANG_WARN_INFINITE_RECURSION = YES;
				CLANG_WARN_INT_CONVERSION = YES;
				CLANG_WARN_NON_LITERAL_NULL_CONVERSION = YES;
				CLANG_WARN_OBJC_IMPLICIT_RETAIN_SELF = YES;
				CLANG_WARN_OBJC_LITERAL_CONVERSION = YES;
				CLANG_WARN_OBJC_ROOT_CLASS = YES_ERROR;
				CLANG_WARN_RANGE_LOOP_ANALYSIS = YES;
				CLANG_WARN_STRICT_PROTOTYPES = YES;
				CLANG_WARN_SUSPICIOUS_MOVE = YES;
				CLANG_WARN_UNGUARDED_AVAILABILITY = YES_AGGRESSIVE;
				CLANG_WARN_UNREACHABLE_CODE = YES;
				CLANG_WARN__DUPLICATE_METHOD_MATCH = YES;
				CODE_SIGN_IDENTITY = "iPhone Developer";
				COPY_PHASE_STRIP = NO;
				DEBUG_INFORMATION_FORMAT = dwarf;
				ENABLE_STRICT_OBJC_MSGSEND = YES;
				ENABLE_TESTABILITY = YES;
				GCC_C_LANGUAGE_STANDARD = gnu11;
				GCC_DYNAMIC_NO_PIC = NO;
				GCC_NO_COMMON_BLOCKS = YES;
				GCC_OPTIMIZATION_LEVEL = 0;
				GCC_PREPROCESSOR_DEFINITIONS = (
					"DEBUG=1",
					"$(inherited)",
				);
				GCC_WARN_64_TO_32_BIT_CONVERSION = YES;
				GCC_WARN_ABOUT_RETURN_TYPE = YES_ERROR;
				GCC_WARN_UNDECLARED_SELECTOR = YES;
				GCC_WARN_UNINITIALIZED_AUTOS = YES_AGGRESSIVE;
				GCC_WARN_UNUSED_FUNCTION = YES;
				GCC_WARN_UNUSED_VARIABLE = YES;
				IPHONEOS_DEPLOYMENT_TARGET = 11.4;
				MTL_ENABLE_DEBUG_INFO = YES;
				ONLY_ACTIVE_ARCH = YES;
				SDKROOT = iphoneos;
			};
			name = Debug;
		};
		1C06832E2140C47600B9A328 /* Release */ = {
			isa = XCBuildConfiguration;
			buildSettings = {
				ALWAYS_SEARCH_USER_PATHS = NO;
				CLANG_ANALYZER_NONNULL = YES;
				CLANG_ANALYZER_NUMBER_OBJECT_CONVERSION = YES_AGGRESSIVE;
				CLANG_CXX_LANGUAGE_STANDARD = "gnu++14";
				CLANG_CXX_LIBRARY = "libc++";
				CLANG_ENABLE_MODULES = YES;
				CLANG_ENABLE_OBJC_ARC = YES;
				CLANG_ENABLE_OBJC_WEAK = YES;
				CLANG_WARN_BLOCK_CAPTURE_AUTORELEASING = YES;
				CLANG_WARN_BOOL_CONVERSION = YES;
				CLANG_WARN_COMMA = YES;
				CLANG_WARN_CONSTANT_CONVERSION = YES;
				CLANG_WARN_DEPRECATED_OBJC_IMPLEMENTATIONS = YES;
				CLANG_WARN_DIRECT_OBJC_ISA_USAGE = YES_ERROR;
				CLANG_WARN_DOCUMENTATION_COMMENTS = YES;
				CLANG_WARN_EMPTY_BODY = YES;
				CLANG_WARN_ENUM_CONVERSION = YES;
				CLANG_WARN_INFINITE_RECURSION = YES;
				CLANG_WARN_INT_CONVERSION = YES;
				CLANG_WARN_NON_LITERAL_NULL_CONVERSION = YES;
				CLANG_WARN_OBJC_IMPLICIT_RETAIN_SELF = YES;
				CLANG_WARN_OBJC_LITERAL_CONVERSION = YES;
				CLANG_WARN_OBJC_ROOT_CLASS = YES_ERROR;
				CLANG_WARN_RANGE_LOOP_ANALYSIS = YES;
				CLANG_WARN_STRICT_PROTOTYPES = YES;
				CLANG_WARN_SUSPICIOUS_MOVE = YES;
				CLANG_WARN_UNGUARDED_AVAILABILITY = YES_AGGRESSIVE;
				CLANG_WARN_UNREACHABLE_CODE = YES;
				CLANG_WARN__DUPLICATE_METHOD_MATCH = YES;
				CODE_SIGN_IDENTITY = "iPhone Developer";
				COPY_PHASE_STRIP = NO;
				DEBUG_INFORMATION_FORMAT = "dwarf-with-dsym";
				ENABLE_NS_ASSERTIONS = NO;
				ENABLE_STRICT_OBJC_MSGSEND = YES;
				GCC_C_LANGUAGE_STANDARD = gnu11;
				GCC_NO_COMMON_BLOCKS = YES;
				GCC_WARN_64_TO_32_BIT_CONVERSION = YES;
				GCC_WARN_ABOUT_RETURN_TYPE = YES_ERROR;
				GCC_WARN_UNDECLARED_SELECTOR = YES;
				GCC_WARN_UNINITIALIZED_AUTOS = YES_AGGRESSIVE;
				GCC_WARN_UNUSED_FUNCTION = YES;
				GCC_WARN_UNUSED_VARIABLE = YES;
				IPHONEOS_DEPLOYMENT_TARGET = 11.4;
				MTL_ENABLE_DEBUG_INFO = NO;
				SDKROOT = iphoneos;
				VALIDATE_PRODUCT = YES;
			};
			name = Release;
		};
		1C0683302140C47600B9A328 /* Debug */ = {
			isa = XCBuildConfiguration;
			buildSettings = {
				ASSETCATALOG_COMPILER_APPICON_NAME = AppIcon;
				CODE_SIGN_STYLE = Automatic;
				INFOPLIST_FILE = CoreImages/Info.plist;
				LD_RUNPATH_SEARCH_PATHS = (
					"$(inherited)",
					"@executable_path/Frameworks",
				);
				PRODUCT_BUNDLE_IDENTIFIER = le.tong.CoreImages;
				PRODUCT_NAME = "$(TARGET_NAME)";
				TARGETED_DEVICE_FAMILY = "1,2";
			};
			name = Debug;
		};
		1C0683312140C47600B9A328 /* Release */ = {
			isa = XCBuildConfiguration;
			buildSettings = {
				ASSETCATALOG_COMPILER_APPICON_NAME = AppIcon;
				CODE_SIGN_STYLE = Automatic;
				INFOPLIST_FILE = CoreImages/Info.plist;
				LD_RUNPATH_SEARCH_PATHS = (
					"$(inherited)",
					"@executable_path/Frameworks",
				);
				PRODUCT_BUNDLE_IDENTIFIER = le.tong.CoreImages;
				PRODUCT_NAME = "$(TARGET_NAME)";
				TARGETED_DEVICE_FAMILY = "1,2";
			};
			name = Release;
		};
/* End XCBuildConfiguration section */

/* Begin XCConfigurationList section */
		1C0683142140C47500B9A328 /* Build configuration list for PBXProject "CoreImages" */ = {
			isa = XCConfigurationList;
			buildConfigurations = (
				1C06832D2140C47600B9A328 /* Debug */,
				1C06832E2140C47600B9A328 /* Release */,
			);
			defaultConfigurationIsVisible = 0;
			defaultConfigurationName = Release;
		};
		1C06832F2140C47600B9A328 /* Build configuration list for PBXNativeTarget "CoreImages" */ = {
			isa = XCConfigurationList;
			buildConfigurations = (
				1C0683302140C47600B9A328 /* Debug */,
				1C0683312140C47600B9A328 /* Release */,
			);
			defaultConfigurationIsVisible = 0;
			defaultConfigurationName = Release;
		};
/* End XCConfigurationList section */
	};
	rootObject = 1C0683112140C47500B9A328 /* Project object */;
}
